
Microsoft Visual Studio Solution File, Format Version 12.00
# Visual Studio 15
VisualStudioVersion = 15.0.27130.2036
MinimumVisualStudioVersion = 10.0.40219.1
Project("{2150E333-8FDC-42A3-9474-1A3956D46DE8}") = "Feature", "Feature", "{17DD5718-6E13-4F2C-9738-B410396D4552}"
EndProject
Project("{2150E333-8FDC-42A3-9474-1A3956D46DE8}") = "Foundation", "Foundation", "{4FDA1DCD-D33E-447E-91C1-F4AE818E2CF0}"
EndProject
Project("{2150E333-8FDC-42A3-9474-1A3956D46DE8}") = "Project", "Project", "{15D97D61-D597-42EC-B7E9-E9EC8130E630}"
EndProject
Project("{2150E333-8FDC-42A3-9474-1A3956D46DE8}") = "Configuration", "Configuration", "{ADCA10F7-A1D2-407B-8074-60418168C02E}"
	ProjectSection(SolutionItems) = preProject
		.editorconfig = .editorconfig
		.gitattributes = .gitattributes
		.gitignore = .gitignore
		gulp-config.js = gulp-config.js
		gulpfile.js = gulpfile.js
		nuget.config = nuget.config
		package.json = package.json
		publishsettings.targets = publishsettings.targets
		README.md = README.md
	EndProjectSection
EndProject
Project("{2150E333-8FDC-42A3-9474-1A3956D46DE8}") = "Documentation", "Documentation", "{DAFED8F5-6CBD-4384-AAD6-DC3BCCF24911}"
	ProjectSection(SolutionItems) = preProject
		documentation\README.md = documentation\README.md
	EndProjectSection
EndProject
Project("{2150E333-8FDC-42A3-9474-1A3956D46DE8}") = "images", "images", "{D27C83D2-2EAF-4E44-A1ED-2B3C2EBB5854}"
	ProjectSection(SolutionItems) = preProject
		documentation\images\deal-with-it.gif = documentation\images\deal-with-it.gif
		documentation\images\hackathon.png = documentation\images\hackathon.png
	EndProjectSection
EndProject
Project("{2150E333-8FDC-42A3-9474-1A3956D46DE8}") = "Bootstrap", "Bootstrap", "{28D883F5-B553-40FB-B745-B2D683CF0538}"
EndProject
Project("{2150E333-8FDC-42A3-9474-1A3956D46DE8}") = "Content", "Content", "{AD2A6211-1618-4A30-91DA-44AB4769F0DE}"
EndProject
Project("{2150E333-8FDC-42A3-9474-1A3956D46DE8}") = "Core", "Core", "{6D98B033-B9AE-40CD-BAB7-8C9D210417DA}"
EndProject
Project("{2150E333-8FDC-42A3-9474-1A3956D46DE8}") = "DI", "DI", "{AF8BE42A-A91E-4DDC-B75A-34D4259FE40A}"
EndProject
Project("{2150E333-8FDC-42A3-9474-1A3956D46DE8}") = "Models", "Models", "{94A06195-1AA4-4D77-B38B-CB361E7A80E1}"
EndProject
Project("{2150E333-8FDC-42A3-9474-1A3956D46DE8}") = "ORM", "ORM", "{526187CD-9D55-40D8-A90F-F3D85365340E}"
EndProject
Project("{2150E333-8FDC-42A3-9474-1A3956D46DE8}") = "Search", "Search", "{78E3C167-099E-4D42-A6DC-3FE2D91E841F}"
EndProject
Project("{2150E333-8FDC-42A3-9474-1A3956D46DE8}") = "Serialization", "Serialization", "{E419EA70-FCA8-4518-9C75-22E1F48A99ED}"
EndProject
Project("{FAE04EC0-301F-11D3-BF4B-00C04F79EFBC}") = "Helixbase.Foundation.Serialization", "src\Foundation\Serialization\code\Helixbase.Foundation.Serialization.csproj", "{4238D5C5-AFD2-4DF5-BF3D-ADB9D46ADC08}"
EndProject
Project("{FAE04EC0-301F-11D3-BF4B-00C04F79EFBC}") = "Helixbase.Foundation.Search", "src\Foundation\Search\code\Helixbase.Foundation.Search.csproj", "{22686DC6-4E6C-4D98-84B7-C48042F5B8FC}"
EndProject
Project("{FAE04EC0-301F-11D3-BF4B-00C04F79EFBC}") = "Helixbase.Foundation.ORM", "src\Foundation\ORM\code\Helixbase.Foundation.ORM.csproj", "{5E91A7D9-8E93-44FD-857F-F9CE145B6022}"
EndProject
Project("{FAE04EC0-301F-11D3-BF4B-00C04F79EFBC}") = "Helixbase.Foundation.Models", "src\Foundation\Models\code\Helixbase.Foundation.Models.csproj", "{3227661F-A60D-486F-A904-14BAF0EB991E}"
EndProject
Project("{FAE04EC0-301F-11D3-BF4B-00C04F79EFBC}") = "Helixbase.Foundation.DI", "src\Foundation\DI\code\Helixbase.Foundation.DI.csproj", "{0D3A6F11-B5FF-4D8C-8A74-19501D2E80D4}"
EndProject
Project("{FAE04EC0-301F-11D3-BF4B-00C04F79EFBC}") = "Helixbase.Foundation.Core", "src\Foundation\Core\code\Helixbase.Foundation.Core.csproj", "{0C1E2FEC-AC54-4CF0-905A-890D3BF711D5}"
EndProject
Project("{FAE04EC0-301F-11D3-BF4B-00C04F79EFBC}") = "Helixbase.Foundation.Content", "src\Foundation\Content\code\Helixbase.Foundation.Content.csproj", "{F8F55034-FA55-4D27-B115-0AB4EEB9A0A8}"
EndProject
Project("{FAE04EC0-301F-11D3-BF4B-00C04F79EFBC}") = "Helixbase.Foundation.Bootstrap", "src\Foundation\Bootstrap\code\Helixbase.Foundation.Bootstrap.csproj", "{44403DB5-5AF0-4BB8-A227-E9A8416947A4}"
EndProject
Project("{2150E333-8FDC-42A3-9474-1A3956D46DE8}") = "Common", "Common", "{376562B0-3B85-42CE-9A3F-EA83D0AD4F59}"
EndProject
Project("{2150E333-8FDC-42A3-9474-1A3956D46DE8}") = "Helixbase", "Helixbase", "{B3977B2F-F8A9-413F-8AEF-32A9A064DAE2}"
EndProject
Project("{FAE04EC0-301F-11D3-BF4B-00C04F79EFBC}") = "Helixbase.Project.Helixbase", "src\Project\Helixbase\code\Helixbase.Project.Helixbase.csproj", "{BE27848D-2FF5-42DF-9324-667D66D47E30}"
EndProject
Project("{FAE04EC0-301F-11D3-BF4B-00C04F79EFBC}") = "Helixbase.Project.Common", "src\Project\Common\code\Helixbase.Project.Common.csproj", "{6F8C583B-E667-4DEB-A603-77932C7803B0}"
EndProject
Project("{2150E333-8FDC-42A3-9474-1A3956D46DE8}") = "xConnect", "xConnect", "{4A4FBD9E-F056-4068-8456-602F9FCF307C}"
EndProject
Project("{FAE04EC0-301F-11D3-BF4B-00C04F79EFBC}") = "Helixbase.Foundation.xConnect", "src\Foundation\xConnect\code\Helixbase.Foundation.xConnect.csproj", "{0A461113-CB18-4928-AA2C-82FAC3DFB9B1}"
EndProject
Project("{FAE04EC0-301F-11D3-BF4B-00C04F79EFBC}") = "Helixbase.Foundation.xConnect.XModelSerializer", "src\Foundation\xConnect\ConsoleApp\Helixbase.Foundation.xConnect.XModelSerializer.csproj", "{11BAADEE-7178-429B-83D9-783CED2E4E7A}"
EndProject
Project("{2150E333-8FDC-42A3-9474-1A3956D46DE8}") = "xConnect", "xConnect", "{C64ED91A-958A-4415-BCC9-9C1B0188E8A9}"
EndProject
Project("{FAE04EC0-301F-11D3-BF4B-00C04F79EFBC}") = "Helixbase.Feature.xConnect", "src\Feature\xConnect\code\Helixbase.Feature.xConnect.csproj", "{905E7AF7-FB1A-4173-B331-2E7E07FCAA37}"
EndProject
Project("{2150E333-8FDC-42A3-9474-1A3956D46DE8}") = "PageContent", "PageContent", "{AA80E9AB-086F-4A1B-AA01-5D40890BF8B6}"
EndProject
Project("{FAE04EC0-301F-11D3-BF4B-00C04F79EFBC}") = "Helixbase.Feature.PageContent", "src\Feature\code\Helixbase.Feature.PageContent.csproj", "{4C6DE304-2FA2-4007-8B51-AC7C833D88CA}"
EndProject
Global
	GlobalSection(SolutionConfigurationPlatforms) = preSolution
		Debug|Any CPU = Debug|Any CPU
		Release|Any CPU = Release|Any CPU
	EndGlobalSection
	GlobalSection(ProjectConfigurationPlatforms) = postSolution
		{4238D5C5-AFD2-4DF5-BF3D-ADB9D46ADC08}.Debug|Any CPU.ActiveCfg = Debug|Any CPU
		{4238D5C5-AFD2-4DF5-BF3D-ADB9D46ADC08}.Debug|Any CPU.Build.0 = Debug|Any CPU
		{4238D5C5-AFD2-4DF5-BF3D-ADB9D46ADC08}.Release|Any CPU.ActiveCfg = Release|Any CPU
		{4238D5C5-AFD2-4DF5-BF3D-ADB9D46ADC08}.Release|Any CPU.Build.0 = Release|Any CPU
		{22686DC6-4E6C-4D98-84B7-C48042F5B8FC}.Debug|Any CPU.ActiveCfg = Debug|Any CPU
		{22686DC6-4E6C-4D98-84B7-C48042F5B8FC}.Debug|Any CPU.Build.0 = Debug|Any CPU
		{22686DC6-4E6C-4D98-84B7-C48042F5B8FC}.Release|Any CPU.ActiveCfg = Release|Any CPU
		{22686DC6-4E6C-4D98-84B7-C48042F5B8FC}.Release|Any CPU.Build.0 = Release|Any CPU
		{5E91A7D9-8E93-44FD-857F-F9CE145B6022}.Debug|Any CPU.ActiveCfg = Debug|Any CPU
		{5E91A7D9-8E93-44FD-857F-F9CE145B6022}.Debug|Any CPU.Build.0 = Debug|Any CPU
		{5E91A7D9-8E93-44FD-857F-F9CE145B6022}.Release|Any CPU.ActiveCfg = Release|Any CPU
		{5E91A7D9-8E93-44FD-857F-F9CE145B6022}.Release|Any CPU.Build.0 = Release|Any CPU
		{3227661F-A60D-486F-A904-14BAF0EB991E}.Debug|Any CPU.ActiveCfg = Debug|Any CPU
		{3227661F-A60D-486F-A904-14BAF0EB991E}.Debug|Any CPU.Build.0 = Debug|Any CPU
		{3227661F-A60D-486F-A904-14BAF0EB991E}.Release|Any CPU.ActiveCfg = Release|Any CPU
		{3227661F-A60D-486F-A904-14BAF0EB991E}.Release|Any CPU.Build.0 = Release|Any CPU
		{0D3A6F11-B5FF-4D8C-8A74-19501D2E80D4}.Debug|Any CPU.ActiveCfg = Debug|Any CPU
		{0D3A6F11-B5FF-4D8C-8A74-19501D2E80D4}.Debug|Any CPU.Build.0 = Debug|Any CPU
		{0D3A6F11-B5FF-4D8C-8A74-19501D2E80D4}.Release|Any CPU.ActiveCfg = Release|Any CPU
		{0D3A6F11-B5FF-4D8C-8A74-19501D2E80D4}.Release|Any CPU.Build.0 = Release|Any CPU
		{0C1E2FEC-AC54-4CF0-905A-890D3BF711D5}.Debug|Any CPU.ActiveCfg = Debug|Any CPU
		{0C1E2FEC-AC54-4CF0-905A-890D3BF711D5}.Debug|Any CPU.Build.0 = Debug|Any CPU
		{0C1E2FEC-AC54-4CF0-905A-890D3BF711D5}.Release|Any CPU.ActiveCfg = Release|Any CPU
		{0C1E2FEC-AC54-4CF0-905A-890D3BF711D5}.Release|Any CPU.Build.0 = Release|Any CPU
		{F8F55034-FA55-4D27-B115-0AB4EEB9A0A8}.Debug|Any CPU.ActiveCfg = Debug|Any CPU
		{F8F55034-FA55-4D27-B115-0AB4EEB9A0A8}.Debug|Any CPU.Build.0 = Debug|Any CPU
		{F8F55034-FA55-4D27-B115-0AB4EEB9A0A8}.Release|Any CPU.ActiveCfg = Release|Any CPU
		{F8F55034-FA55-4D27-B115-0AB4EEB9A0A8}.Release|Any CPU.Build.0 = Release|Any CPU
		{44403DB5-5AF0-4BB8-A227-E9A8416947A4}.Debug|Any CPU.ActiveCfg = Debug|Any CPU
		{44403DB5-5AF0-4BB8-A227-E9A8416947A4}.Debug|Any CPU.Build.0 = Debug|Any CPU
		{44403DB5-5AF0-4BB8-A227-E9A8416947A4}.Release|Any CPU.ActiveCfg = Release|Any CPU
		{44403DB5-5AF0-4BB8-A227-E9A8416947A4}.Release|Any CPU.Build.0 = Release|Any CPU
		{BE27848D-2FF5-42DF-9324-667D66D47E30}.Debug|Any CPU.ActiveCfg = Debug|Any CPU
		{BE27848D-2FF5-42DF-9324-667D66D47E30}.Debug|Any CPU.Build.0 = Debug|Any CPU
		{BE27848D-2FF5-42DF-9324-667D66D47E30}.Release|Any CPU.ActiveCfg = Release|Any CPU
		{BE27848D-2FF5-42DF-9324-667D66D47E30}.Release|Any CPU.Build.0 = Release|Any CPU
		{6F8C583B-E667-4DEB-A603-77932C7803B0}.Debug|Any CPU.ActiveCfg = Debug|Any CPU
		{6F8C583B-E667-4DEB-A603-77932C7803B0}.Debug|Any CPU.Build.0 = Debug|Any CPU
		{6F8C583B-E667-4DEB-A603-77932C7803B0}.Release|Any CPU.ActiveCfg = Release|Any CPU
		{6F8C583B-E667-4DEB-A603-77932C7803B0}.Release|Any CPU.Build.0 = Release|Any CPU
		{0A461113-CB18-4928-AA2C-82FAC3DFB9B1}.Debug|Any CPU.ActiveCfg = Debug|Any CPU
		{0A461113-CB18-4928-AA2C-82FAC3DFB9B1}.Debug|Any CPU.Build.0 = Debug|Any CPU
		{0A461113-CB18-4928-AA2C-82FAC3DFB9B1}.Release|Any CPU.ActiveCfg = Release|Any CPU
		{0A461113-CB18-4928-AA2C-82FAC3DFB9B1}.Release|Any CPU.Build.0 = Release|Any CPU
		{11BAADEE-7178-429B-83D9-783CED2E4E7A}.Debug|Any CPU.ActiveCfg = Debug|Any CPU
		{11BAADEE-7178-429B-83D9-783CED2E4E7A}.Debug|Any CPU.Build.0 = Debug|Any CPU
		{11BAADEE-7178-429B-83D9-783CED2E4E7A}.Release|Any CPU.ActiveCfg = Release|Any CPU
		{11BAADEE-7178-429B-83D9-783CED2E4E7A}.Release|Any CPU.Build.0 = Release|Any CPU
		{905E7AF7-FB1A-4173-B331-2E7E07FCAA37}.Debug|Any CPU.ActiveCfg = Debug|Any CPU
		{905E7AF7-FB1A-4173-B331-2E7E07FCAA37}.Debug|Any CPU.Build.0 = Debug|Any CPU
		{905E7AF7-FB1A-4173-B331-2E7E07FCAA37}.Release|Any CPU.ActiveCfg = Release|Any CPU
		{905E7AF7-FB1A-4173-B331-2E7E07FCAA37}.Release|Any CPU.Build.0 = Release|Any CPU
		{4C6DE304-2FA2-4007-8B51-AC7C833D88CA}.Debug|Any CPU.ActiveCfg = Debug|Any CPU
		{4C6DE304-2FA2-4007-8B51-AC7C833D88CA}.Debug|Any CPU.Build.0 = Debug|Any CPU
		{4C6DE304-2FA2-4007-8B51-AC7C833D88CA}.Release|Any CPU.ActiveCfg = Release|Any CPU
		{4C6DE304-2FA2-4007-8B51-AC7C833D88CA}.Release|Any CPU.Build.0 = Release|Any CPU
	EndGlobalSection
	GlobalSection(SolutionProperties) = preSolution
		HideSolutionNode = FALSE
	EndGlobalSection
	GlobalSection(NestedProjects) = preSolution
		{D27C83D2-2EAF-4E44-A1ED-2B3C2EBB5854} = {DAFED8F5-6CBD-4384-AAD6-DC3BCCF24911}
		{28D883F5-B553-40FB-B745-B2D683CF0538} = {4FDA1DCD-D33E-447E-91C1-F4AE818E2CF0}
		{AD2A6211-1618-4A30-91DA-44AB4769F0DE} = {4FDA1DCD-D33E-447E-91C1-F4AE818E2CF0}
		{6D98B033-B9AE-40CD-BAB7-8C9D210417DA} = {4FDA1DCD-D33E-447E-91C1-F4AE818E2CF0}
		{AF8BE42A-A91E-4DDC-B75A-34D4259FE40A} = {4FDA1DCD-D33E-447E-91C1-F4AE818E2CF0}
		{94A06195-1AA4-4D77-B38B-CB361E7A80E1} = {4FDA1DCD-D33E-447E-91C1-F4AE818E2CF0}
		{526187CD-9D55-40D8-A90F-F3D85365340E} = {4FDA1DCD-D33E-447E-91C1-F4AE818E2CF0}
		{78E3C167-099E-4D42-A6DC-3FE2D91E841F} = {4FDA1DCD-D33E-447E-91C1-F4AE818E2CF0}
		{E419EA70-FCA8-4518-9C75-22E1F48A99ED} = {4FDA1DCD-D33E-447E-91C1-F4AE818E2CF0}
		{4238D5C5-AFD2-4DF5-BF3D-ADB9D46ADC08} = {E419EA70-FCA8-4518-9C75-22E1F48A99ED}
		{22686DC6-4E6C-4D98-84B7-C48042F5B8FC} = {78E3C167-099E-4D42-A6DC-3FE2D91E841F}
		{5E91A7D9-8E93-44FD-857F-F9CE145B6022} = {526187CD-9D55-40D8-A90F-F3D85365340E}
		{3227661F-A60D-486F-A904-14BAF0EB991E} = {94A06195-1AA4-4D77-B38B-CB361E7A80E1}
		{0D3A6F11-B5FF-4D8C-8A74-19501D2E80D4} = {AF8BE42A-A91E-4DDC-B75A-34D4259FE40A}
		{0C1E2FEC-AC54-4CF0-905A-890D3BF711D5} = {6D98B033-B9AE-40CD-BAB7-8C9D210417DA}
		{F8F55034-FA55-4D27-B115-0AB4EEB9A0A8} = {AD2A6211-1618-4A30-91DA-44AB4769F0DE}
		{44403DB5-5AF0-4BB8-A227-E9A8416947A4} = {28D883F5-B553-40FB-B745-B2D683CF0538}
		{376562B0-3B85-42CE-9A3F-EA83D0AD4F59} = {15D97D61-D597-42EC-B7E9-E9EC8130E630}
		{B3977B2F-F8A9-413F-8AEF-32A9A064DAE2} = {15D97D61-D597-42EC-B7E9-E9EC8130E630}
		{BE27848D-2FF5-42DF-9324-667D66D47E30} = {B3977B2F-F8A9-413F-8AEF-32A9A064DAE2}
		{6F8C583B-E667-4DEB-A603-77932C7803B0} = {376562B0-3B85-42CE-9A3F-EA83D0AD4F59}
		{4A4FBD9E-F056-4068-8456-602F9FCF307C} = {4FDA1DCD-D33E-447E-91C1-F4AE818E2CF0}
		{0A461113-CB18-4928-AA2C-82FAC3DFB9B1} = {4A4FBD9E-F056-4068-8456-602F9FCF307C}
		{11BAADEE-7178-429B-83D9-783CED2E4E7A} = {4A4FBD9E-F056-4068-8456-602F9FCF307C}
		{C64ED91A-958A-4415-BCC9-9C1B0188E8A9} = {17DD5718-6E13-4F2C-9738-B410396D4552}
		{905E7AF7-FB1A-4173-B331-2E7E07FCAA37} = {C64ED91A-958A-4415-BCC9-9C1B0188E8A9}
		{AA80E9AB-086F-4A1B-AA01-5D40890BF8B6} = {17DD5718-6E13-4F2C-9738-B410396D4552}
		{4C6DE304-2FA2-4007-8B51-AC7C833D88CA} = {AA80E9AB-086F-4A1B-AA01-5D40890BF8B6}
	EndGlobalSection
	GlobalSection(ExtensibilityGlobals) = postSolution
		SolutionGuid = {311DA37D-528B-43B2-A99B-E7253F841D46}
	EndGlobalSection
EndGlobal
